// !$*UTF8*$!
{
	archiveVersion = 1;
	classes = {
	};
	objectVersion = 77;
	objects = {

/* Begin PBXBuildFile section */
		230F91FE2FFE0A3B006BAF97 /* FinoWidgetExtension.appex in Embed Foundation Extensions */ = {isa = PBXBuildFile; fileRef = 23ED9E5B2FFDF69F00839B54 /* FinoWidgetExtension.appex */; settings = {ATTRIBUTES = (RemoveHeadersOnCopy, ); }; };
		23BEC9702FFE0065005DE436 /* WidgetModels.swift in Sources */ = {isa = PBXBuildFile; fileRef = 23BEC96F2FFE005C005DE436 /* WidgetModels.swift */; };
		23BEC9712FFE0065005DE436 /* WidgetModels.swift in Sources */ = {isa = PBXBuildFile; fileRef = 23BEC96F2FFE005C005DE436 /* WidgetModels.swift */; };
		23BEC9AB2FFE100000000001 /* Localizable.xcstrings in Resources */ = {isa = PBXBuildFile; fileRef = 23BEC9AA2FFE100000000001 /* Localizable.xcstrings */; };
		23ED9E5E2FFDF6A000839B54 /* WidgetKit.framework in Frameworks */ = {isa = PBXBuildFile; fileRef = 23ED9E5D2FFDF69F00839B54 /* WidgetKit.framework */; };
		23ED9E602FFDF6A000839B54 /* SwiftUI.framework in Frameworks */ = {isa = PBXBuildFile; fileRef = 23ED9E5F2FFDF6A000839B54 /* SwiftUI.framework */; };
		23ED9E902FFDF82B00839B54 /* FinoWidget.swift in Sources */ = {isa = PBXBuildFile; fileRef = 23ED9E892FFDF82B00839B54 /* FinoWidget.swift */; };
		23ED9E912FFDF82B00839B54 /* FinoWidgetBundle.swift in Sources */ = {isa = PBXBuildFile; fileRef = 23ED9E8A2FFDF82B00839B54 /* FinoWidgetBundle.swift */; };
		24BA000D2FFF00000000000D /* FinoWatch.app in Embed Watch Content */ = {isa = PBXBuildFile; fileRef = 24BA00032FFF000000000003 /* FinoWatch.app */; settings = {ATTRIBUTES = (RemoveHeadersOnCopy, ); }; };
		24BA00102FFF000000000010 /* PayloadWatch.swift in Sources */ = {isa = PBXBuildFile; fileRef = 24BA000F2FFF00000000000F /* PayloadWatch.swift */; };
		24BA00112FFF000000000011 /* PayloadWatch.swift in Sources */ = {isa = PBXBuildFile; fileRef = 24BA000F2FFF00000000000F /* PayloadWatch.swift */; };
		25CA000D2FFF00000000000D /* FinoWatchWidget.appex in Embed Foundation Extensions */ = {isa = PBXBuildFile; fileRef = 25CA00032FFF000000000003 /* FinoWatchWidget.appex */; settings = {ATTRIBUTES = (RemoveHeadersOnCopy, ); }; };
		25CA00112FFF000000000011 /* ComplicacionesWatch.swift in Sources */ = {isa = PBXBuildFile; fileRef = 25CA000E2FFF00000000000E /* ComplicacionesWatch.swift */; };
		25CA00122FFF000000000012 /* FinoWatchWidgetBundle.swift in Sources */ = {isa = PBXBuildFile; fileRef = 25CA000F2FFF00000000000F /* FinoWatchWidgetBundle.swift */; };
		25CA00132FFF000000000013 /* PayloadWatch.swift in Sources */ = {isa = PBXBuildFile; fileRef = 24BA000F2FFF00000000000F /* PayloadWatch.swift */; };
		25CA00152FFF000000000015 /* FormatoWatch.swift in Sources */ = {isa = PBXBuildFile; fileRef = 25CA00142FFF000000000014 /* FormatoWatch.swift */; };
		25CA00162FFF000000000016 /* FormatoWatch.swift in Sources */ = {isa = PBXBuildFile; fileRef = 25CA00142FFF000000000014 /* FormatoWatch.swift */; };
/* End PBXBuildFile section */

/* Begin PBXContainerItemProxy section */
		23AB000B2FFE30000000000B /* PBXContainerItemProxy */ = {
			isa = PBXContainerItemProxy;
			containerPortal = A10000060000000000000006 /* Project object */;
			proxyType = 1;
			remoteGlobalIDString = A10000050000000000000005;
			remoteInfo = Fino;
		};
		23ED9E692FFDF6A100839B54 /* PBXContainerItemProxy */ = {
			isa = PBXContainerItemProxy;
			containerPortal = A10000060000000000000006 /* Project object */;
			proxyType = 1;
			remoteGlobalIDString = 23ED9E5A2FFDF69F00839B54;
			remoteInfo = FinoWidgetExtension;
		};
		24BA000B2FFF00000000000B /* PBXContainerItemProxy */ = {
			isa = PBXContainerItemProxy;
			containerPortal = A10000060000000000000006 /* Project object */;
			proxyType = 1;
			remoteGlobalIDString = 24BA00022FFF000000000002;
			remoteInfo = FinoWatch;
		};
		25CA000B2FFF00000000000B /* PBXContainerItemProxy */ = {
			isa = PBXContainerItemProxy;
			containerPortal = A10000060000000000000006 /* Project object */;
			proxyType = 1;
			remoteGlobalIDString = 25CA00022FFF000000000002;
			remoteInfo = FinoWatchWidget;
		};
/* End PBXContainerItemProxy section */

/* Begin PBXCopyFilesBuildPhase section */
		24BA000C2FFF00000000000C /* Embed Watch Content */ = {
			isa = PBXCopyFilesBuildPhase;
			buildActionMask = 2147483647;
			dstPath = "$(CONTENTS_FOLDER_PATH)/Watch";
			dstSubfolderSpec = 16;
			files = (
				24BA000D2FFF00000000000D /* FinoWatch.app in Embed Watch Content */,
			);
			name = "Embed Watch Content";
			runOnlyForDeploymentPostprocessing = 0;
		};
		B20000070000000000000007 /* Embed Foundation Extensions */ = {
			isa = PBXCopyFilesBuildPhase;
			buildActionMask = 2147483647;
			dstPath = "";
			dstSubfolderSpec = 13;
			files = (
				230F91FE2FFE0A3B006BAF97 /* FinoWidgetExtension.appex in Embed Foundation Extensions */,
			);
			name = "Embed Foundation Extensions";
			runOnlyForDeploymentPostprocessing = 0;
		};
		25CA000C2FFF00000000000C /* Embed Foundation Extensions */ = {
			isa = PBXCopyFilesBuildPhase;
			buildActionMask = 2147483647;
			dstPath = "";
			dstSubfolderSpec = 13;
			files = (
				25CA000D2FFF00000000000D /* FinoWatchWidget.appex in Embed Foundation Extensions */,
			);
			name = "Embed Foundation Extensions";
			runOnlyForDeploymentPostprocessing = 0;
		};
/* End PBXCopyFilesBuildPhase section */

/* Begin PBXFileReference section */
		23AB00032FFE300000000003 /* FinoTests.xctest */ = {isa = PBXFileReference; explicitFileType = wrapper.cfbundle; includeInIndex = 0; path = FinoTests.xctest; sourceTree = BUILT_PRODUCTS_DIR; };
		23BEC96F2FFE005C005DE436 /* WidgetModels.swift */ = {isa = PBXFileReference; lastKnownFileType = sourcecode.swift; path = WidgetModels.swift; sourceTree = "<group>"; };
		23BEC9752FFE03F0005DE436 /* Info.plist */ = {isa = PBXFileReference; lastKnownFileType = text.plist; path = Info.plist; sourceTree = "<group>"; };
		23BEC9AA2FFE100000000001 /* Localizable.xcstrings */ = {isa = PBXFileReference; lastKnownFileType = text.json.xcstrings; path = Localizable.xcstrings; sourceTree = "<group>"; };
		23ED9E5B2FFDF69F00839B54 /* FinoWidgetExtension.appex */ = {isa = PBXFileReference; explicitFileType = "wrapper.app-extension"; includeInIndex = 0; path = FinoWidgetExtension.appex; sourceTree = BUILT_PRODUCTS_DIR; };
		23ED9E5D2FFDF69F00839B54 /* WidgetKit.framework */ = {isa = PBXFileReference; lastKnownFileType = wrapper.framework; name = WidgetKit.framework; path = System/Library/Frameworks/WidgetKit.framework; sourceTree = SDKROOT; };
		23ED9E5F2FFDF6A000839B54 /* SwiftUI.framework */ = {isa = PBXFileReference; lastKnownFileType = wrapper.framework; name = SwiftUI.framework; path = System/Library/Frameworks/SwiftUI.framework; sourceTree = SDKROOT; };
		23ED9E882FFDF82B00839B54 /* FinoWidget.entitlements */ = {isa = PBXFileReference; lastKnownFileType = text.plist.entitlements; path = FinoWidget.entitlements; sourceTree = "<group>"; };
		23ED9E892FFDF82B00839B54 /* FinoWidget.swift */ = {isa = PBXFileReference; lastKnownFileType = sourcecode.swift; path = FinoWidget.swift; sourceTree = "<group>"; };
		23ED9E8A2FFDF82B00839B54 /* FinoWidgetBundle.swift */ = {isa = PBXFileReference; lastKnownFileType = sourcecode.swift; path = FinoWidgetBundle.swift; sourceTree = "<group>"; };
		24BA00032FFF000000000003 /* FinoWatch.app */ = {isa = PBXFileReference; explicitFileType = wrapper.application; includeInIndex = 0; path = FinoWatch.app; sourceTree = BUILT_PRODUCTS_DIR; };
		24BA000F2FFF00000000000F /* PayloadWatch.swift */ = {isa = PBXFileReference; lastKnownFileType = sourcecode.swift; path = PayloadWatch.swift; sourceTree = "<group>"; };
		A10000040000000000000004 /* Fino.app */ = {isa = PBXFileReference; explicitFileType = wrapper.application; includeInIndex = 0; path = Fino.app; sourceTree = BUILT_PRODUCTS_DIR; };
		25CA00032FFF000000000003 /* FinoWatchWidget.appex */ = {isa = PBXFileReference; explicitFileType = "wrapper.app-extension"; includeInIndex = 0; path = FinoWatchWidget.appex; sourceTree = BUILT_PRODUCTS_DIR; };
		25CA000E2FFF00000000000E /* ComplicacionesWatch.swift */ = {isa = PBXFileReference; lastKnownFileType = sourcecode.swift; path = ComplicacionesWatch.swift; sourceTree = "<group>"; };
		25CA000F2FFF00000000000F /* FinoWatchWidgetBundle.swift */ = {isa = PBXFileReference; lastKnownFileType = sourcecode.swift; path = FinoWatchWidgetBundle.swift; sourceTree = "<group>"; };
		25CA00102FFF000000000010 /* Info.plist */ = {isa = PBXFileReference; lastKnownFileType = text.plist; path = Info.plist; sourceTree = "<group>"; };
		25CA00142FFF000000000014 /* FormatoWatch.swift */ = {isa = PBXFileReference; lastKnownFileType = sourcecode.swift; path = FormatoWatch.swift; sourceTree = "<group>"; };
/* End PBXFileReference section */

/* Begin PBXFileSystemSynchronizedRootGroup section */
		23AB00012FFE300000000001 /* FinoTests */ = {
			isa = PBXFileSystemSynchronizedRootGroup;
			path = FinoTests;
			sourceTree = "<group>";
		};
		24BA00012FFF000000000001 /* FinoWatch */ = {
			isa = PBXFileSystemSynchronizedRootGroup;
			path = FinoWatch;
			sourceTree = "<group>";
		};
		A10000010000000000000001 /* FinoApp */ = {
			isa = PBXFileSystemSynchronizedRootGroup;
			path = FinoApp;
			sourceTree = "<group>";
		};
/* End PBXFileSystemSynchronizedRootGroup section */

/* Begin PBXFrameworksBuildPhase section */
		23AB00052FFE300000000005 /* Frameworks */ = {
			isa = PBXFrameworksBuildPhase;
			buildActionMask = 2147483647;
			files = (
			);
			runOnlyForDeploymentPostprocessing = 0;
		};
		23ED9E582FFDF69F00839B54 /* Frameworks */ = {
			isa = PBXFrameworksBuildPhase;
			buildActionMask = 2147483647;
			files = (
				23ED9E602FFDF6A000839B54 /* SwiftUI.framework in Frameworks */,
				23ED9E5E2FFDF6A000839B54 /* WidgetKit.framework in Frameworks */,
			);
			runOnlyForDeploymentPostprocessing = 0;
		};
		24BA00052FFF000000000005 /* Frameworks */ = {
			isa = PBXFrameworksBuildPhase;
			buildActionMask = 2147483647;
			files = (
			);
			runOnlyForDeploymentPostprocessing = 0;
		};
		A10000080000000000000008 /* Frameworks */ = {
			isa = PBXFrameworksBuildPhase;
			buildActionMask = 2147483647;
			files = (
			);
			runOnlyForDeploymentPostprocessing = 0;
		};
		25CA00052FFF000000000005 /* Frameworks */ = {
			isa = PBXFrameworksBuildPhase;
			buildActionMask = 2147483647;
			files = (
			);
			runOnlyForDeploymentPostprocessing = 0;
		};
/* End PBXFrameworksBuildPhase section */

/* Begin PBXGroup section */
		23ED9E5C2FFDF69F00839B54 /* Frameworks */ = {
			isa = PBXGroup;
			children = (
				23ED9E5D2FFDF69F00839B54 /* WidgetKit.framework */,
				23ED9E5F2FFDF6A000839B54 /* SwiftUI.framework */,
			);
			name = Frameworks;
			sourceTree = "<group>";
		};
		23ED9E8C2FFDF82B00839B54 /* FinoWidget */ = {
			isa = PBXGroup;
			children = (
				23BEC9752FFE03F0005DE436 /* Info.plist */,
				23BEC9AA2FFE100000000001 /* Localizable.xcstrings */,
				23BEC96F2FFE005C005DE436 /* WidgetModels.swift */,
				23ED9E882FFDF82B00839B54 /* FinoWidget.entitlements */,
				23ED9E892FFDF82B00839B54 /* FinoWidget.swift */,
				23ED9E8A2FFDF82B00839B54 /* FinoWidgetBundle.swift */,
			);
			path = FinoWidget;
			sourceTree = "<group>";
		};
		24BA000E2FFF00000000000E /* FinoCompartido */ = {
			isa = PBXGroup;
			children = (
				25CA00142FFF000000000014 /* FormatoWatch.swift */,
				24BA000F2FFF00000000000F /* PayloadWatch.swift */,
			);
			path = FinoCompartido;
			sourceTree = "<group>";
		};
		A10000020000000000000002 = {
			isa = PBXGroup;
			children = (
				A10000010000000000000001 /* FinoApp */,
				23AB00012FFE300000000001 /* FinoTests */,
				23ED9E8C2FFDF82B00839B54 /* FinoWidget */,
				24BA00012FFF000000000001 /* FinoWatch */,
				25CA00012FFF000000000001 /* FinoWatchWidget */,
				24BA000E2FFF00000000000E /* FinoCompartido */,
				23ED9E5C2FFDF69F00839B54 /* Frameworks */,
				A10000030000000000000003 /* Products */,
			);
			sourceTree = "<group>";
		};
		A10000030000000000000003 /* Products */ = {
			isa = PBXGroup;
			children = (
				23AB00032FFE300000000003 /* FinoTests.xctest */,
				A10000040000000000000004 /* Fino.app */,
				23ED9E5B2FFDF69F00839B54 /* FinoWidgetExtension.appex */,
				24BA00032FFF000000000003 /* FinoWatch.app */,
				25CA00032FFF000000000003 /* FinoWatchWidget.appex */,
			);
			name = Products;
			sourceTree = "<group>";
		};
		25CA00012FFF000000000001 /* FinoWatchWidget */ = {
			isa = PBXGroup;
			children = (
				25CA00102FFF000000000010 /* Info.plist */,
				25CA000E2FFF00000000000E /* ComplicacionesWatch.swift */,
				25CA000F2FFF00000000000F /* FinoWatchWidgetBundle.swift */,
			);
			path = FinoWatchWidget;
			sourceTree = "<group>";
		};
/* End PBXGroup section */

/* Begin PBXNativeTarget section */
		23AB00022FFE300000000002 /* FinoTests */ = {
			isa = PBXNativeTarget;
			buildConfigurationList = 23AB00072FFE300000000007 /* Build configuration list for PBXNativeTarget "FinoTests" */;
			buildPhases = (
				23AB00042FFE300000000004 /* Sources */,
				23AB00052FFE300000000005 /* Frameworks */,
				23AB00062FFE300000000006 /* Resources */,
			);
			buildRules = (
			);
			dependencies = (
				23AB000A2FFE30000000000A /* PBXTargetDependency */,
			);
			fileSystemSynchronizedGroups = (
				23AB00012FFE300000000001 /* FinoTests */,
			);
			name = FinoTests;
			packageProductDependencies = (
			);
			productName = FinoTests;
			productReference = 23AB00032FFE300000000003 /* FinoTests.xctest */;
			productType = "com.apple.product-type.bundle.unit-test";
		};
		23ED9E5A2FFDF69F00839B54 /* FinoWidgetExtension */ = {
			isa = PBXNativeTarget;
			buildConfigurationList = 23ED9E6D2FFDF6A100839B54 /* Build configuration list for PBXNativeTarget "FinoWidgetExtension" */;
			buildPhases = (
				23ED9E572FFDF69F00839B54 /* Sources */,
				23ED9E582FFDF69F00839B54 /* Frameworks */,
				23ED9E592FFDF69F00839B54 /* Resources */,
			);
			buildRules = (
			);
			dependencies = (
			);
			name = FinoWidgetExtension;
			packageProductDependencies = (
			);
			productName = FinoWidgetExtension;
			productReference = 23ED9E5B2FFDF69F00839B54 /* FinoWidgetExtension.appex */;
			productType = "com.apple.product-type.app-extension";
		};
		24BA00022FFF000000000002 /* FinoWatch */ = {
			isa = PBXNativeTarget;
			buildConfigurationList = 24BA00072FFF000000000007 /* Build configuration list for PBXNativeTarget "FinoWatch" */;
			buildPhases = (
				24BA00042FFF000000000004 /* Sources */,
				24BA00052FFF000000000005 /* Frameworks */,
				24BA00062FFF000000000006 /* Resources */,
				25CA000C2FFF00000000000C /* Embed Foundation Extensions */,
			);
			buildRules = (
			);
			dependencies = (
				25CA000A2FFF00000000000A /* PBXTargetDependency */,
			);
			fileSystemSynchronizedGroups = (
				24BA00012FFF000000000001 /* FinoWatch */,
			);
			name = FinoWatch;
			packageProductDependencies = (
			);
			productName = FinoWatch;
			productReference = 24BA00032FFF000000000003 /* FinoWatch.app */;
			productType = "com.apple.product-type.application";
		};
		A10000050000000000000005 /* Fino */ = {
			isa = PBXNativeTarget;
			buildConfigurationList = A100000A000000000000000A /* Build configuration list for PBXNativeTarget "Fino" */;
			buildPhases = (
				A10000070000000000000007 /* Sources */,
				A10000080000000000000008 /* Frameworks */,
				A10000090000000000000009 /* Resources */,
				B20000070000000000000007 /* Embed Foundation Extensions */,
				24BA000C2FFF00000000000C /* Embed Watch Content */,
			);
			buildRules = (
			);
			dependencies = (
				23ED9E6A2FFDF6A100839B54 /* PBXTargetDependency */,
				24BA000A2FFF00000000000A /* PBXTargetDependency */,
			);
			fileSystemSynchronizedGroups = (
				A10000010000000000000001 /* FinoApp */,
			);
			name = Fino;
			packageProductDependencies = (
			);
			productName = FinanzasApp;
			productReference = A10000040000000000000004 /* Fino.app */;
			productType = "com.apple.product-type.application";
		};
		25CA00022FFF000000000002 /* FinoWatchWidget */ = {
			isa = PBXNativeTarget;
			buildConfigurationList = 25CA00072FFF000000000007 /* Build configuration list for PBXNativeTarget "FinoWatchWidget" */;
			buildPhases = (
				25CA00042FFF000000000004 /* Sources */,
				25CA00052FFF000000000005 /* Frameworks */,
				25CA00062FFF000000000006 /* Resources */,
			);
			buildRules = (
			);
			dependencies = (
			);
			name = FinoWatchWidget;
			packageProductDependencies = (
			);
			productName = FinoWatchWidget;
			productReference = 25CA00032FFF000000000003 /* FinoWatchWidget.appex */;
			productType = "com.apple.product-type.app-extension";
		};
/* End PBXNativeTarget section */

/* Begin PBXProject section */
		A10000060000000000000006 /* Project object */ = {
			isa = PBXProject;
			attributes = {
				BuildIndependentTargetsInParallel = 1;
				LastSwiftUpdateCheck = 2660;
				LastUpgradeCheck = 2660;
				TargetAttributes = {
					23AB00022FFE300000000002 = {
						CreatedOnToolsVersion = 26.6;
						TestTargetID = A10000050000000000000005;
					};
					23ED9E5A2FFDF69F00839B54 = {
						CreatedOnToolsVersion = 26.6;
					};
					24BA00022FFF000000000002 = {
						CreatedOnToolsVersion = 26.6;
					};
					25CA00022FFF000000000002 = {
						CreatedOnToolsVersion = 26.6;
					};
					A10000050000000000000005 = {
						CreatedOnToolsVersion = 16.0;
					};
				};
			};
			buildConfigurationList = A100000B000000000000000B /* Build configuration list for PBXProject "Fino" */;
			developmentRegion = es;
			hasScannedForEncodings = 0;
			knownRegions = (
				es,
				en,
				Base,
			);
			mainGroup = A10000020000000000000002;
			minimizedProjectReferenceProxies = 1;
			preferredProjectObjectVersion = 77;
			productRefGroup = A10000030000000000000003 /* Products */;
			projectDirPath = "";
			projectRoot = "";
			targets = (
				23AB00022FFE300000000002 /* FinoTests */,
				A10000050000000000000005 /* Fino */,
				23ED9E5A2FFDF69F00839B54 /* FinoWidgetExtension */,
				24BA00022FFF000000000002 /* FinoWatch */,
				25CA00022FFF000000000002 /* FinoWatchWidget */,
			);
		};
/* End PBXProject section */

/* Begin PBXResourcesBuildPhase section */
		23AB00062FFE300000000006 /* Resources */ = {
			isa = PBXResourcesBuildPhase;
			buildActionMask = 2147483647;
			files = (
			);
			runOnlyForDeploymentPostprocessing = 0;
		};
		23ED9E592FFDF69F00839B54 /* Resources */ = {
			isa = PBXResourcesBuildPhase;
			buildActionMask = 2147483647;
			files = (
				23BEC9AB2FFE100000000001 /* Localizable.xcstrings in Resources */,
			);
			runOnlyForDeploymentPostprocessing = 0;
		};
		24BA00062FFF000000000006 /* Resources */ = {
			isa = PBXResourcesBuildPhase;
			buildActionMask = 2147483647;
			files = (
			);
			runOnlyForDeploymentPostprocessing = 0;
		};
		A10000090000000000000009 /* Resources */ = {
			isa = PBXResourcesBuildPhase;
			buildActionMask = 2147483647;
			files = (
			);
			runOnlyForDeploymentPostprocessing = 0;
		};
		25CA00062FFF000000000006 /* Resources */ = {
			isa = PBXResourcesBuildPhase;
			buildActionMask = 2147483647;
			files = (
			);
			runOnlyForDeploymentPostprocessing = 0;
		};
/* End PBXResourcesBuildPhase section */

/* Begin PBXSourcesBuildPhase section */
		23AB00042FFE300000000004 /* Sources */ = {
			isa = PBXSourcesBuildPhase;
			buildActionMask = 2147483647;
			files = (
			);
			runOnlyForDeploymentPostprocessing = 0;
		};
		23ED9E572FFDF69F00839B54 /* Sources */ = {
			isa = PBXSourcesBuildPhase;
			buildActionMask = 2147483647;
			files = (
				23ED9E902FFDF82B00839B54 /* FinoWidget.swift in Sources */,
				23BEC9712FFE0065005DE436 /* WidgetModels.swift in Sources */,
				23ED9E912FFDF82B00839B54 /* FinoWidgetBundle.swift in Sources */,
			);
			runOnlyForDeploymentPostprocessing = 0;
		};
		24BA00042FFF000000000004 /* Sources */ = {
			isa = PBXSourcesBuildPhase;
			buildActionMask = 2147483647;
			files = (
				24BA00112FFF000000000011 /* PayloadWatch.swift in Sources */,
				25CA00152FFF000000000015 /* FormatoWatch.swift in Sources */,
			);
			runOnlyForDeploymentPostprocessing = 0;
		};
		A10000070000000000000007 /* Sources */ = {
			isa = PBXSourcesBuildPhase;
			buildActionMask = 2147483647;
			files = (
				23BEC9702FFE0065005DE436 /* WidgetModels.swift in Sources */,
				24BA00102FFF000000000010 /* PayloadWatch.swift in Sources */,
			);
			runOnlyForDeploymentPostprocessing = 0;
		};
		25CA00042FFF000000000004 /* Sources */ = {
			isa = PBXSourcesBuildPhase;
			buildActionMask = 2147483647;
			files = (
				25CA00112FFF000000000011 /* ComplicacionesWatch.swift in Sources */,
				25CA00122FFF000000000012 /* FinoWatchWidgetBundle.swift in Sources */,
				25CA00132FFF000000000013 /* PayloadWatch.swift in Sources */,
				25CA00162FFF000000000016 /* FormatoWatch.swift in Sources */,
			);
			runOnlyForDeploymentPostprocessing = 0;
		};
/* End PBXSourcesBuildPhase section */

/* Begin PBXTargetDependency section */
		23AB000A2FFE30000000000A /* PBXTargetDependency */ = {
			isa = PBXTargetDependency;
			target = A10000050000000000000005 /* Fino */;
			targetProxy = 23AB000B2FFE30000000000B /* PBXContainerItemProxy */;
		};
		23ED9E6A2FFDF6A100839B54 /* PBXTargetDependency */ = {
			isa = PBXTargetDependency;
			target = 23ED9E5A2FFDF69F00839B54 /* FinoWidgetExtension */;
			targetProxy = 23ED9E692FFDF6A100839B54 /* PBXContainerItemProxy */;
		};
		24BA000A2FFF00000000000A /* PBXTargetDependency */ = {
			isa = PBXTargetDependency;
			target = 24BA00022FFF000000000002 /* FinoWatch */;
			targetProxy = 24BA000B2FFF00000000000B /* PBXContainerItemProxy */;
		};
		25CA000A2FFF00000000000A /* PBXTargetDependency */ = {
			isa = PBXTargetDependency;
			target = 25CA00022FFF000000000002 /* FinoWatchWidget */;
			targetProxy = 25CA000B2FFF00000000000B /* PBXContainerItemProxy */;
		};
/* End PBXTargetDependency section */

/* Begin XCBuildConfiguration section */
		23AB00082FFE300000000008 /* Debug */ = {
			isa = XCBuildConfiguration;
			buildSettings = {
				BUNDLE_LOADER = "$(TEST_HOST)";
				CODE_SIGN_STYLE = Automatic;
				CURRENT_PROJECT_VERSION = 1;
				DEVELOPMENT_TEAM = PRS2QB447G;
				GENERATE_INFOPLIST_FILE = YES;
				IPHONEOS_DEPLOYMENT_TARGET = 18.0;
				MARKETING_VERSION = 1.0;
				PRODUCT_BUNDLE_IDENTIFIER = com.axelmorano.FinoApp.FinoTests;
				PRODUCT_NAME = "$(TARGET_NAME)";
				SDKROOT = iphoneos;
				SWIFT_EMIT_LOC_STRINGS = NO;
				SWIFT_VERSION = 5.0;
				TARGETED_DEVICE_FAMILY = "1,2";
				TEST_HOST = "$(BUILT_PRODUCTS_DIR)/Fino.app/$(BUNDLE_EXECUTABLE_FOLDER_PATH)/Fino";
			};
			name = Debug;
		};
		23AB00092FFE300000000009 /* Release */ = {
			isa = XCBuildConfiguration;
			buildSettings = {
				BUNDLE_LOADER = "$(TEST_HOST)";
				CODE_SIGN_STYLE = Automatic;
				CURRENT_PROJECT_VERSION = 1;
				DEVELOPMENT_TEAM = PRS2QB447G;
				GENERATE_INFOPLIST_FILE = YES;
				IPHONEOS_DEPLOYMENT_TARGET = 18.0;
				MARKETING_VERSION = 1.0;
				PRODUCT_BUNDLE_IDENTIFIER = com.axelmorano.FinoApp.FinoTests;
				PRODUCT_NAME = "$(TARGET_NAME)";
				SDKROOT = iphoneos;
				SWIFT_EMIT_LOC_STRINGS = NO;
				SWIFT_VERSION = 5.0;
				TARGETED_DEVICE_FAMILY = "1,2";
				TEST_HOST = "$(BUILT_PRODUCTS_DIR)/Fino.app/$(BUNDLE_EXECUTABLE_FOLDER_PATH)/Fino";
			};
			name = Release;
		};
		23ED9E6E2FFDF6A100839B54 /* Debug */ = {
			isa = XCBuildConfiguration;
			buildSettings = {
				ASSETCATALOG_COMPILER_GLOBAL_ACCENT_COLOR_NAME = AccentColor;
				ASSETCATALOG_COMPILER_WIDGET_BACKGROUND_COLOR_NAME = WidgetBackground;
				CODE_SIGN_ENTITLEMENTS = FinoWidget/FinoWidget.entitlements;
				CODE_SIGN_STYLE = Automatic;
				CURRENT_PROJECT_VERSION = 1;
				DEVELOPMENT_TEAM = PRS2QB447G;
				GENERATE_INFOPLIST_FILE = YES;
				INFOPLIST_FILE = FinoWidget/Info.plist;
				INFOPLIST_KEY_CFBundleDisplayName = FinoWidget;
				INFOPLIST_KEY_NSHumanReadableCopyright = "";
				IPHONEOS_DEPLOYMENT_TARGET = 26.5;
				LD_RUNPATH_SEARCH_PATHS = (
					"$(inherited)",
					"@executable_path/Frameworks",
					"@executable_path/../../Frameworks",
				);
				MARKETING_VERSION = 1.0;
				PRODUCT_BUNDLE_IDENTIFIER = com.axelmorano.FinoApp.FinoWidget;
				PRODUCT_NAME = "$(TARGET_NAME)";
				SKIP_INSTALL = YES;
				STRING_CATALOG_GENERATE_SYMBOLS = YES;
				SWIFT_APPROACHABLE_CONCURRENCY = YES;
				SWIFT_EMIT_LOC_STRINGS = YES;
				SWIFT_UPCOMING_FEATURE_MEMBER_IMPORT_VISIBILITY = YES;
				SWIFT_VERSION = 5.0;
				TARGETED_DEVICE_FAMILY = "1,2";
			};
			name = Debug;
		};
		23ED9E6F2FFDF6A100839B54 /* Release */ = {
			isa = XCBuildConfiguration;
			buildSettings = {
				ASSETCATALOG_COMPILER_GLOBAL_ACCENT_COLOR_NAME = AccentColor;
				ASSETCATALOG_COMPILER_WIDGET_BACKGROUND_COLOR_NAME = WidgetBackground;
				CODE_SIGN_ENTITLEMENTS = FinoWidget/FinoWidget.entitlements;
				CODE_SIGN_STYLE = Automatic;
				CURRENT_PROJECT_VERSION = 1;
				DEVELOPMENT_TEAM = PRS2QB447G;
				GENERATE_INFOPLIST_FILE = YES;
				INFOPLIST_FILE = FinoWidget/Info.plist;
				INFOPLIST_KEY_CFBundleDisplayName = FinoWidget;
				INFOPLIST_KEY_NSHumanReadableCopyright = "";
				IPHONEOS_DEPLOYMENT_TARGET = 26.5;
				LD_RUNPATH_SEARCH_PATHS = (
					"$(inherited)",
					"@executable_path/Frameworks",
					"@executable_path/../../Frameworks",
				);
				MARKETING_VERSION = 1.0;
				PRODUCT_BUNDLE_IDENTIFIER = com.axelmorano.FinoApp.FinoWidget;
				"PRODUCT_BUNDLE_IDENTIFIER[sdk=*]" = com.axelmorano.FinoApp.FinoWidget;
				PRODUCT_NAME = "$(TARGET_NAME)";
				SKIP_INSTALL = YES;
				STRING_CATALOG_GENERATE_SYMBOLS = YES;
				SWIFT_APPROACHABLE_CONCURRENCY = YES;
				SWIFT_EMIT_LOC_STRINGS = YES;
				SWIFT_UPCOMING_FEATURE_MEMBER_IMPORT_VISIBILITY = YES;
				SWIFT_VERSION = 5.0;
				TARGETED_DEVICE_FAMILY = "1,2";
			};
			name = Release;
		};
		24BA00082FFF000000000008 /* Debug */ = {
			isa = XCBuildConfiguration;
			buildSettings = {
				ASSETCATALOG_COMPILER_APPICON_NAME = AppIcon;
				CODE_SIGN_ENTITLEMENTS = FinoWatch.entitlements;
				INFOPLIST_FILE = "FinoWatch-Info.plist";
				ASSETCATALOG_COMPILER_GLOBAL_ACCENT_COLOR_NAME = AccentColor;
				CODE_SIGN_STYLE = Automatic;
				CURRENT_PROJECT_VERSION = 1;
				DEVELOPMENT_TEAM = PRS2QB447G;
				ENABLE_PREVIEWS = YES;
				GENERATE_INFOPLIST_FILE = YES;
				INFOPLIST_KEY_CFBundleDisplayName = Fino;
				INFOPLIST_KEY_WKCompanionAppBundleIdentifier = com.axelmorano.FinoApp;
				INFOPLIST_KEY_WKRunsIndependentlyOfCompanionApp = NO;
				LD_RUNPATH_SEARCH_PATHS = (
					"$(inherited)",
					"@executable_path/Frameworks",
				);
				MARKETING_VERSION = 1.1;
				PRODUCT_BUNDLE_IDENTIFIER = com.axelmorano.FinoApp.watchkitapp;
				PRODUCT_NAME = "$(TARGET_NAME)";
				SDKROOT = watchos;
				SKIP_INSTALL = YES;
				STRING_CATALOG_GENERATE_SYMBOLS = YES;
				SWIFT_EMIT_LOC_STRINGS = YES;
				SWIFT_VERSION = 5.0;
				TARGETED_DEVICE_FAMILY = 4;
				WATCHOS_DEPLOYMENT_TARGET = 11.0;
			};
			name = Debug;
		};
		24BA00092FFF000000000009 /* Release */ = {
			isa = XCBuildConfiguration;
			buildSettings = {
				ASSETCATALOG_COMPILER_APPICON_NAME = AppIcon;
				CODE_SIGN_ENTITLEMENTS = FinoWatch.entitlements;
				INFOPLIST_FILE = "FinoWatch-Info.plist";
				ASSETCATALOG_COMPILER_GLOBAL_ACCENT_COLOR_NAME = AccentColor;
				CODE_SIGN_STYLE = Automatic;
				CURRENT_PROJECT_VERSION = 1;
				DEVELOPMENT_TEAM = PRS2QB447G;
				ENABLE_PREVIEWS = YES;
				GENERATE_INFOPLIST_FILE = YES;
				INFOPLIST_KEY_CFBundleDisplayName = Fino;
				INFOPLIST_KEY_WKCompanionAppBundleIdentifier = com.axelmorano.FinoApp;
				INFOPLIST_KEY_WKRunsIndependentlyOfCompanionApp = NO;
				LD_RUNPATH_SEARCH_PATHS = (
					"$(inherited)",
					"@executable_path/Frameworks",
				);
				MARKETING_VERSION = 1.1;
				PRODUCT_BUNDLE_IDENTIFIER = com.axelmorano.FinoApp.watchkitapp;
				"PRODUCT_BUNDLE_IDENTIFIER[sdk=*]" = com.axelmorano.FinoApp.watchkitapp;
				PRODUCT_NAME = "$(TARGET_NAME)";
				SDKROOT = watchos;
				SKIP_INSTALL = YES;
				STRING_CATALOG_GENERATE_SYMBOLS = YES;
				SWIFT_EMIT_LOC_STRINGS = YES;
				SWIFT_VERSION = 5.0;
				TARGETED_DEVICE_FAMILY = 4;
				WATCHOS_DEPLOYMENT_TARGET = 11.0;
			};
			name = Release;
		};
		A100000C000000000000000C /* Debug */ = {
			isa = XCBuildConfiguration;
			buildSettings = {
				ASSETCATALOG_COMPILER_APPICON_NAME = AppIcon;
				ASSETCATALOG_COMPILER_GLOBAL_ACCENT_COLOR_NAME = AccentColor;
				CODE_SIGN_ENTITLEMENTS = Fino.entitlements;
				CODE_SIGN_STYLE = Automatic;
				CURRENT_PROJECT_VERSION = 1;
				DEVELOPMENT_TEAM = PRS2QB447G;
				ENABLE_PREVIEWS = YES;
				GENERATE_INFOPLIST_FILE = YES;
				INFOPLIST_FILE = "Fino-Info.plist";
				INFOPLIST_KEY_NSCameraUsageDescription = "Se usa para escanear tickets y cargar gastos.";
				INFOPLIST_KEY_NSFaceIDUsageDescription = "Se usa para desbloquear tus finanzas.";
				INFOPLIST_KEY_UIApplicationSceneManifest_Generation = YES;
				INFOPLIST_KEY_UIApplicationSupportsIndirectInputEvents = YES;
				INFOPLIST_KEY_UILaunchScreen_Generation = YES;
				INFOPLIST_KEY_UISupportedInterfaceOrientations_iPad = "UIInterfaceOrientationPortrait UIInterfaceOrientationPortraitUpsideDown UIInterfaceOrientationLandscapeLeft UIInterfaceOrientationLandscapeRight";
				INFOPLIST_KEY_UISupportedInterfaceOrientations_iPhone = UIInterfaceOrientationPortrait;
				IPHONEOS_DEPLOYMENT_TARGET = 18.0;
				LD_RUNPATH_SEARCH_PATHS = (
					"$(inherited)",
					"@executable_path/Frameworks",
				);
				MARKETING_VERSION = 1.1;
				PRODUCT_BUNDLE_IDENTIFIER = com.axelmorano.FinoApp;
				PRODUCT_NAME = "$(TARGET_NAME)";
				SWIFT_EMIT_LOC_STRINGS = YES;
				SWIFT_VERSION = 5.0;
				TARGETED_DEVICE_FAMILY = "1,2";
			};
			name = Debug;
		};
		A100000D000000000000000D /* Release */ = {
			isa = XCBuildConfiguration;
			buildSettings = {
				ASSETCATALOG_COMPILER_APPICON_NAME = AppIcon;
				ASSETCATALOG_COMPILER_GLOBAL_ACCENT_COLOR_NAME = AccentColor;
				CODE_SIGN_ENTITLEMENTS = Fino.entitlements;
				CODE_SIGN_STYLE = Automatic;
				CURRENT_PROJECT_VERSION = 1;
				DEVELOPMENT_TEAM = PRS2QB447G;
				ENABLE_PREVIEWS = YES;
				GENERATE_INFOPLIST_FILE = YES;
				INFOPLIST_FILE = "Fino-Info.plist";
				INFOPLIST_KEY_NSCameraUsageDescription = "Se usa para escanear tickets y cargar gastos.";
				INFOPLIST_KEY_NSFaceIDUsageDescription = "Se usa para desbloquear tus finanzas.";
				INFOPLIST_KEY_UIApplicationSceneManifest_Generation = YES;
				INFOPLIST_KEY_UIApplicationSupportsIndirectInputEvents = YES;
				INFOPLIST_KEY_UILaunchScreen_Generation = YES;
				INFOPLIST_KEY_UISupportedInterfaceOrientations_iPad = "UIInterfaceOrientationPortrait UIInterfaceOrientationPortraitUpsideDown UIInterfaceOrientationLandscapeLeft UIInterfaceOrientationLandscapeRight";
				INFOPLIST_KEY_UISupportedInterfaceOrientations_iPhone = UIInterfaceOrientationPortrait;
				IPHONEOS_DEPLOYMENT_TARGET = 18.0;
				LD_RUNPATH_SEARCH_PATHS = (
					"$(inherited)",
					"@executable_path/Frameworks",
				);
				MARKETING_VERSION = 1.1;
				PRODUCT_BUNDLE_IDENTIFIER = com.axelmorano.FinoApp;
				"PRODUCT_BUNDLE_IDENTIFIER[sdk=*]" = com.axelmorano.FinoApp;
				PRODUCT_NAME = "$(TARGET_NAME)";
				SWIFT_EMIT_LOC_STRINGS = YES;
				SWIFT_VERSION = 5.0;
				TARGETED_DEVICE_FAMILY = "1,2";
			};
			name = Release;
		};
		A100000E000000000000000E /* Debug */ = {
			isa = XCBuildConfiguration;
			buildSettings = {
				ALWAYS_SEARCH_USER_PATHS = NO;
				ASSETCATALOG_COMPILER_GENERATE_SWIFT_ASSET_SYMBOL_EXTENSIONS = YES;
				CLANG_ANALYZER_LOCALIZABILITY_NONLOCALIZED = YES;
				CLANG_ANALYZER_NONNULL = YES;
				CLANG_ANALYZER_NUMBER_OBJECT_CONVERSION = YES_AGGRESSIVE;
				CLANG_CXX_LANGUAGE_STANDARD = "gnu++20";
				CLANG_ENABLE_MODULES = YES;
				CLANG_ENABLE_OBJC_ARC = YES;
				CLANG_ENABLE_OBJC_WEAK = YES;
				CLANG_WARN_BLOCK_CAPTURE_AUTORELEASING = YES;
				CLANG_WARN_BOOL_CONVERSION = YES;
				CLANG_WARN_COMMA = YES;
				CLANG_WARN_CONSTANT_CONVERSION = YES;
				CLANG_WARN_DEPRECATED_OBJC_IMPLEMENTATIONS = YES;
				CLANG_WARN_DIRECT_OBJC_ISA_USAGE = YES_ERROR;
				CLANG_WARN_DOCUMENTATION_COMMENTS = YES;
				CLANG_WARN_EMPTY_BODY = YES;
				CLANG_WARN_ENUM_CONVERSION = YES;
				CLANG_WARN_INFINITE_RECURSION = YES;
				CLANG_WARN_INT_CONVERSION = YES;
				CLANG_WARN_NON_LITERAL_NULL_CONVERSION = YES;
				CLANG_WARN_OBJC_IMPLICIT_RETAIN_SELF = YES;
				CLANG_WARN_OBJC_LITERAL_CONVERSION = YES;
				CLANG_WARN_OBJC_ROOT_CLASS = YES_ERROR;
				CLANG_WARN_QUOTED_INCLUDE_IN_FRAMEWORK_HEADER = YES;
				CLANG_WARN_RANGE_LOOP_ANALYSIS = YES;
				CLANG_WARN_STRICT_PROTOTYPES = YES;
				CLANG_WARN_SUSPICIOUS_MOVE = YES;
				CLANG_WARN_UNGUARDED_AVAILABILITY = YES_AGGRESSIVE;
				CLANG_WARN_UNREACHABLE_CODE = YES;
				CLANG_WARN__DUPLICATE_METHOD_MATCH = YES;
				COPY_PHASE_STRIP = NO;
				DEBUG_INFORMATION_FORMAT = dwarf;
				ENABLE_STRICT_OBJC_MSGSEND = YES;
				ENABLE_TESTABILITY = YES;
				ENABLE_USER_SCRIPT_SANDBOXING = YES;
				GCC_C_LANGUAGE_STANDARD = gnu17;
				GCC_DYNAMIC_NO_PIC = NO;
				GCC_NO_COMMON_BLOCKS = YES;
				GCC_OPTIMIZATION_LEVEL = 0;
				GCC_PREPROCESSOR_DEFINITIONS = (
					"DEBUG=1",
					"$(inherited)",
				);
				GCC_WARN_64_TO_32_BIT_CONVERSION = YES;
				GCC_WARN_ABOUT_RETURN_TYPE = YES_ERROR;
				GCC_WARN_UNDECLARED_SELECTOR = YES;
				GCC_WARN_UNINITIALIZED_AUTOS = YES_AGGRESSIVE;
				GCC_WARN_UNUSED_FUNCTION = YES;
				GCC_WARN_UNUSED_VARIABLE = YES;
				IPHONEOS_DEPLOYMENT_TARGET = 18.0;
				LOCALIZATION_PREFERS_STRING_CATALOGS = YES;
				MTL_ENABLE_DEBUG_INFO = INCLUDE_SOURCE;
				MTL_FAST_MATH = YES;
				ONLY_ACTIVE_ARCH = YES;
				SDKROOT = iphoneos;
				STRING_CATALOG_GENERATE_SYMBOLS = YES;
				SWIFT_ACTIVE_COMPILATION_CONDITIONS = "DEBUG $(inherited)";
				SWIFT_OPTIMIZATION_LEVEL = "-Onone";
			};
			name = Debug;
		};
		A100000F000000000000000F /* Release */ = {
			isa = XCBuildConfiguration;
			buildSettings = {
				ALWAYS_SEARCH_USER_PATHS = NO;
				ASSETCATALOG_COMPILER_GENERATE_SWIFT_ASSET_SYMBOL_EXTENSIONS = YES;
				CLANG_ANALYZER_LOCALIZABILITY_NONLOCALIZED = YES;
				CLANG_ANALYZER_NONNULL = YES;
				CLANG_ANALYZER_NUMBER_OBJECT_CONVERSION = YES_AGGRESSIVE;
				CLANG_CXX_LANGUAGE_STANDARD = "gnu++20";
				CLANG_ENABLE_MODULES = YES;
				CLANG_ENABLE_OBJC_ARC = YES;
				CLANG_ENABLE_OBJC_WEAK = YES;
				CLANG_WARN_BLOCK_CAPTURE_AUTORELEASING = YES;
				CLANG_WARN_BOOL_CONVERSION = YES;
				CLANG_WARN_COMMA = YES;
				CLANG_WARN_CONSTANT_CONVERSION = YES;
				CLANG_WARN_DEPRECATED_OBJC_IMPLEMENTATIONS = YES;
				CLANG_WARN_DIRECT_OBJC_ISA_USAGE = YES_ERROR;
				CLANG_WARN_DOCUMENTATION_COMMENTS = YES;
				CLANG_WARN_EMPTY_BODY = YES;
				CLANG_WARN_ENUM_CONVERSION = YES;
				CLANG_WARN_INFINITE_RECURSION = YES;
				CLANG_WARN_INT_CONVERSION = YES;
				CLANG_WARN_NON_LITERAL_NULL_CONVERSION = YES;
				CLANG_WARN_OBJC_IMPLICIT_RETAIN_SELF = YES;
				CLANG_WARN_OBJC_LITERAL_CONVERSION = YES;
				CLANG_WARN_OBJC_ROOT_CLASS = YES_ERROR;
				CLANG_WARN_QUOTED_INCLUDE_IN_FRAMEWORK_HEADER = YES;
				CLANG_WARN_RANGE_LOOP_ANALYSIS = YES;
				CLANG_WARN_STRICT_PROTOTYPES = YES;
				CLANG_WARN_SUSPICIOUS_MOVE = YES;
				CLANG_WARN_UNGUARDED_AVAILABILITY = YES_AGGRESSIVE;
				CLANG_WARN_UNREACHABLE_CODE = YES;
				CLANG_WARN__DUPLICATE_METHOD_MATCH = YES;
				COPY_PHASE_STRIP = NO;
				DEBUG_INFORMATION_FORMAT = "dwarf-with-dsym";
				ENABLE_NS_ASSERTIONS = NO;
				ENABLE_STRICT_OBJC_MSGSEND = YES;
				ENABLE_USER_SCRIPT_SANDBOXING = YES;
				GCC_C_LANGUAGE_STANDARD = gnu17;
				GCC_NO_COMMON_BLOCKS = YES;
				GCC_WARN_64_TO_32_BIT_CONVERSION = YES;
				GCC_WARN_ABOUT_RETURN_TYPE = YES_ERROR;
				GCC_WARN_UNDECLARED_SELECTOR = YES;
				GCC_WARN_UNINITIALIZED_AUTOS = YES_AGGRESSIVE;
				GCC_WARN_UNUSED_FUNCTION = YES;
				GCC_WARN_UNUSED_VARIABLE = YES;
				IPHONEOS_DEPLOYMENT_TARGET = 18.0;
				LOCALIZATION_PREFERS_STRING_CATALOGS = YES;
				MTL_ENABLE_DEBUG_INFO = NO;
				MTL_FAST_MATH = YES;
				SDKROOT = iphoneos;
				STRING_CATALOG_GENERATE_SYMBOLS = YES;
				SWIFT_COMPILATION_MODE = wholemodule;
				SWIFT_OPTIMIZATION_LEVEL = "-O";
				VALIDATE_PRODUCT = YES;
			};
			name = Release;
		};
		25CA00082FFF000000000008 /* Debug */ = {
			isa = XCBuildConfiguration;
			buildSettings = {
				CODE_SIGN_ENTITLEMENTS = FinoWatchWidget.entitlements;
				CODE_SIGN_STYLE = Automatic;
				CURRENT_PROJECT_VERSION = 1;
				DEVELOPMENT_TEAM = PRS2QB447G;
				GENERATE_INFOPLIST_FILE = YES;
				INFOPLIST_FILE = FinoWatchWidget/Info.plist;
				INFOPLIST_KEY_CFBundleDisplayName = Fino;
				INFOPLIST_KEY_NSHumanReadableCopyright = "";
				LD_RUNPATH_SEARCH_PATHS = (
					"$(inherited)",
					"@executable_path/Frameworks",
					"@executable_path/../../Frameworks",
				);
				MARKETING_VERSION = 1.1;
				PRODUCT_BUNDLE_IDENTIFIER = com.axelmorano.FinoApp.watchkitapp.complicacion;
				PRODUCT_NAME = "$(TARGET_NAME)";
				SDKROOT = watchos;
				SKIP_INSTALL = YES;
				STRING_CATALOG_GENERATE_SYMBOLS = YES;
				SWIFT_EMIT_LOC_STRINGS = YES;
				SWIFT_VERSION = 5.0;
				TARGETED_DEVICE_FAMILY = 4;
				WATCHOS_DEPLOYMENT_TARGET = 11.0;
			};
			name = Debug;
		};
		25CA00092FFF000000000009 /* Release */ = {
			isa = XCBuildConfiguration;
			buildSettings = {
				CODE_SIGN_ENTITLEMENTS = FinoWatchWidget.entitlements;
				CODE_SIGN_STYLE = Automatic;
				CURRENT_PROJECT_VERSION = 1;
				DEVELOPMENT_TEAM = PRS2QB447G;
				GENERATE_INFOPLIST_FILE = YES;
				INFOPLIST_FILE = FinoWatchWidget/Info.plist;
				INFOPLIST_KEY_CFBundleDisplayName = Fino;
				INFOPLIST_KEY_NSHumanReadableCopyright = "";
				LD_RUNPATH_SEARCH_PATHS = (
					"$(inherited)",
					"@executable_path/Frameworks",
					"@executable_path/../../Frameworks",
				);
				MARKETING_VERSION = 1.1;
				PRODUCT_BUNDLE_IDENTIFIER = com.axelmorano.FinoApp.watchkitapp.complicacion;
				"PRODUCT_BUNDLE_IDENTIFIER[sdk=*]" = com.axelmorano.FinoApp.watchkitapp.complicacion;
				PRODUCT_NAME = "$(TARGET_NAME)";
				SDKROOT = watchos;
				SKIP_INSTALL = YES;
				STRING_CATALOG_GENERATE_SYMBOLS = YES;
				SWIFT_EMIT_LOC_STRINGS = YES;
				SWIFT_VERSION = 5.0;
				TARGETED_DEVICE_FAMILY = 4;
				WATCHOS_DEPLOYMENT_TARGET = 11.0;
			};
			name = Release;
		};
/* End XCBuildConfiguration section */

/* Begin XCConfigurationList section */
		23AB00072FFE300000000007 /* Build configuration list for PBXNativeTarget "FinoTests" */ = {
			isa = XCConfigurationList;
			buildConfigurations = (
				23AB00082FFE300000000008 /* Debug */,
				23AB00092FFE300000000009 /* Release */,
			);
			defaultConfigurationIsVisible = 0;
			defaultConfigurationName = Release;
		};
		23ED9E6D2FFDF6A100839B54 /* Build configuration list for PBXNativeTarget "FinoWidgetExtension" */ = {
			isa = XCConfigurationList;
			buildConfigurations = (
				23ED9E6E2FFDF6A100839B54 /* Debug */,
				23ED9E6F2FFDF6A100839B54 /* Release */,
			);
			defaultConfigurationIsVisible = 0;
			defaultConfigurationName = Release;
		};
		24BA00072FFF000000000007 /* Build configuration list for PBXNativeTarget "FinoWatch" */ = {
			isa = XCConfigurationList;
			buildConfigurations = (
				24BA00082FFF000000000008 /* Debug */,
				24BA00092FFF000000000009 /* Release */,
			);
			defaultConfigurationIsVisible = 0;
			defaultConfigurationName = Release;
		};
		A100000A000000000000000A /* Build configuration list for PBXNativeTarget "Fino" */ = {
			isa = XCConfigurationList;
			buildConfigurations = (
				A100000C000000000000000C /* Debug */,
				A100000D000000000000000D /* Release */,
			);
			defaultConfigurationIsVisible = 0;
			defaultConfigurationName = Release;
		};
		A100000B000000000000000B /* Build configuration list for PBXProject "Fino" */ = {
			isa = XCConfigurationList;
			buildConfigurations = (
				A100000E000000000000000E /* Debug */,
				A100000F000000000000000F /* Release */,
			);
			defaultConfigurationIsVisible = 0;
			defaultConfigurationName = Release;
		};
		25CA00072FFF000000000007 /* Build configuration list for PBXNativeTarget "FinoWatchWidget" */ = {
			isa = XCConfigurationList;
			buildConfigurations = (
				25CA00082FFF000000000008 /* Debug */,
				25CA00092FFF000000000009 /* Release */,
			);
			defaultConfigurationIsVisible = 0;
			defaultConfigurationName = Release;
		};
/* End XCConfigurationList section */
	};
	rootObject = A10000060000000000000006 /* Project object */;
}
